
Microsoft Visual Studio Solution File, Format Version 12.00
# Visual Studio Version 17
VisualStudioVersion = 17.3.32901.215
MinimumVisualStudioVersion = 10.0.40219.1
Project("{FAE04EC0-301F-11D3-BF4B-00C04F79EFBC}") = "MvcStok", "MvcStok\MvcStok.csproj", "{1C0B63F1-FCE4-4336-9234-840E0C1FEF1B}"
EndProject
Global
	GlobalSection(SolutionConfigurationPlatforms) = preSolution
		Debug|Any CPU = Debug|Any CPU
		Release|Any CPU = Release|Any CPU
	EndGlobalSection
	GlobalSection(ProjectConfigurationPlatforms) = postSolution
		{1C0B63F1-FCE4-4336-9234-840E0C1FEF1B}.Debug|Any CPU.ActiveCfg = Debug|Any CPU
		{1C0B63F1-FCE4-4336-9234-840E0C1FEF1B}.Debug|Any CPU.Build.0 = Debug|Any CPU
		{1C0B63F1-FCE4-4336-9234-840E0C1FEF1B}.Release|Any CPU.ActiveCfg = Release|Any CPU
		{1C0B63F1-FCE4-4336-9234-840E0C1FEF1B}.Release|Any CPU.Build.0 = Release|Any CPU
	EndGlobalSection
	GlobalSection(SolutionProperties) = preSolution
		HideSolutionNode = FALSE
	EndGlobalSection
	GlobalSection(ExtensibilityGlobals) = postSolution
		SolutionGuid = {CCEBFF05-0773-46FC-8564-255F1676B820}
	EndGlobalSection
EndGlobal
